
Microsoft Visual Studio Solution File, Format Version 12.00
# Visual Studio Version 16
VisualStudioVersion = 16.0.29001.49
MinimumVisualStudioVersion = 15.0.26124.0
Project("{9A19103F-16F7-4668-BE54-9A1E7A4F7556}") = "FootballManagerEditDataGenerator.DataScraper", "FootballManagerEditDataGenerator.DataScraper\FootballManagerEditDataGenerator.DataScraper.csproj", "{FF3E9D3A-2DC5-4AC3-957B-F1FDD855A409}"
EndProject
Project("{9A19103F-16F7-4668-BE54-9A1E7A4F7556}") = "FootballManagerEditDataGenerator.DataScraper.Tests", "FootballManagerEditDataGenerator.DataScraper.Tests\FootballManagerEditDataGenerator.DataScraper.Tests.csproj", "{032F4845-653C-40ED-B7C1-3C61C809C08F}"
EndProject
Project("{FAE04EC0-301F-11D3-BF4B-00C04F79EFBC}") = "FootballManagerEditDataGenerator.WebApp", "FootballManagerEditDataGenerator.WebApp\FootballManagerEditDataGenerator.WebApp.csproj", "{288E2F08-868F-47BC-9D95-AF9AD8839F3C}"
EndProject
Global
	GlobalSection(SolutionConfigurationPlatforms) = preSolution
		Debug|Any CPU = Debug|Any CPU
		Release|Any CPU = Release|Any CPU
	EndGlobalSection
	GlobalSection(ProjectConfigurationPlatforms) = postSolution
		{FF3E9D3A-2DC5-4AC3-957B-F1FDD855A409}.Debug|Any CPU.ActiveCfg = Debug|Any CPU
		{FF3E9D3A-2DC5-4AC3-957B-F1FDD855A409}.Debug|Any CPU.Build.0 = Debug|Any CPU
		{FF3E9D3A-2DC5-4AC3-957B-F1FDD855A409}.Release|Any CPU.ActiveCfg = Release|Any CPU
		{FF3E9D3A-2DC5-4AC3-957B-F1FDD855A409}.Release|Any CPU.Build.0 = Release|Any CPU
		{032F4845-653C-40ED-B7C1-3C61C809C08F}.Debug|Any CPU.ActiveCfg = Debug|Any CPU
		{032F4845-653C-40ED-B7C1-3C61C809C08F}.Debug|Any CPU.Build.0 = Debug|Any CPU
		{032F4845-653C-40ED-B7C1-3C61C809C08F}.Release|Any CPU.ActiveCfg = Release|Any CPU
		{032F4845-653C-40ED-B7C1-3C61C809C08F}.Release|Any CPU.Build.0 = Release|Any CPU
		{288E2F08-868F-47BC-9D95-AF9AD8839F3C}.Debug|Any CPU.ActiveCfg = Debug|Any CPU
		{288E2F08-868F-47BC-9D95-AF9AD8839F3C}.Debug|Any CPU.Build.0 = Debug|Any CPU
		{288E2F08-868F-47BC-9D95-AF9AD8839F3C}.Release|Any CPU.ActiveCfg = Release|Any CPU
		{288E2F08-868F-47BC-9D95-AF9AD8839F3C}.Release|Any CPU.Build.0 = Release|Any CPU
	EndGlobalSection
	GlobalSection(SolutionProperties) = preSolution
		HideSolutionNode = FALSE
	EndGlobalSection
	GlobalSection(ExtensibilityGlobals) = postSolution
		SolutionGuid = {889EEAD1-61C3-458B-946C-78EC4F2D0731}
	EndGlobalSection
EndGlobal
